// !$*UTF8*$!
{
	archiveVersion = 1;
	classes = {
	};
	objectVersion = 46;
	objects = {

/* Begin PBXBuildFile section */
		BA9E15A91CDB38D600106E50 /* main.m in Sources */ = {isa = PBXBuildFile; fileRef = BA9E15A81CDB38D600106E50 /* main.m */; };
		BA9E15AC1CDB38D700106E50 /* AppDelegate.m in Sources */ = {isa = PBXBuildFile; fileRef = BA9E15AB1CDB38D700106E50 /* AppDelegate.m */; };
		BA9E15AF1CDB38D700106E50 /* ViewController.m in Sources */ = {isa = PBXBuildFile; fileRef = BA9E15AE1CDB38D700106E50 /* ViewController.m */; };
		BA9E15B21CDB38D700106E50 /* Main.storyboard in Resources */ = {isa = PBXBuildFile; fileRef = BA9E15B01CDB38D700106E50 /* Main.storyboard */; };
		BA9E15B41CDB38D700106E50 /* Assets.xcassets in Resources */ = {isa = PBXBuildFile; fileRef = BA9E15B31CDB38D700106E50 /* Assets.xcassets */; };
		BA9E15B71CDB38D700106E50 /* LaunchScreen.storyboard in Resources */ = {isa = PBXBuildFile; fileRef = BA9E15B51CDB38D700106E50 /* LaunchScreen.storyboard */; };
		BA9E15C21CDB38D700106E50 /* LYActionSheetTests.m in Sources */ = {isa = PBXBuildFile; fileRef = BA9E15C11CDB38D700106E50 /* LYActionSheetTests.m */; };
		BA9E15CD1CDB38D700106E50 /* LYActionSheetUITests.m in Sources */ = {isa = PBXBuildFile; fileRef = BA9E15CC1CDB38D700106E50 /* LYActionSheetUITests.m */; };
		BA9E15DC1CDB3DF400106E50 /* LYActionSheet.m in Sources */ = {isa = PBXBuildFile; fileRef = BA9E15DB1CDB3DF400106E50 /* LYActionSheet.m */; };
		BAEA775D1CDB8D4900620220 /* MASCompositeConstraint.m in Sources */ = {isa = PBXBuildFile; fileRef = BAEA77471CDB8D4900620220 /* MASCompositeConstraint.m */; };
		BAEA775E1CDB8D4900620220 /* MASConstraint.m in Sources */ = {isa = PBXBuildFile; fileRef = BAEA774A1CDB8D4900620220 /* MASConstraint.m */; };
		BAEA775F1CDB8D4900620220 /* MASConstraintMaker.m in Sources */ = {isa = PBXBuildFile; fileRef = BAEA774C1CDB8D4900620220 /* MASConstraintMaker.m */; };
		BAEA77601CDB8D4900620220 /* MASLayoutConstraint.m in Sources */ = {isa = PBXBuildFile; fileRef = BAEA774E1CDB8D4900620220 /* MASLayoutConstraint.m */; };
		BAEA77611CDB8D4900620220 /* MASViewAttribute.m in Sources */ = {isa = PBXBuildFile; fileRef = BAEA77521CDB8D4900620220 /* MASViewAttribute.m */; };
		BAEA77621CDB8D4900620220 /* MASViewConstraint.m in Sources */ = {isa = PBXBuildFile; fileRef = BAEA77541CDB8D4900620220 /* MASViewConstraint.m */; };
		BAEA77631CDB8D4900620220 /* NSArray+MASAdditions.m in Sources */ = {isa = PBXBuildFile; fileRef = BAEA77561CDB8D4900620220 /* NSArray+MASAdditions.m */; };
		BAEA77641CDB8D4900620220 /* NSLayoutConstraint+MASDebugAdditions.m in Sources */ = {isa = PBXBuildFile; fileRef = BAEA77591CDB8D4900620220 /* NSLayoutConstraint+MASDebugAdditions.m */; };
		BAEA77651CDB8D4900620220 /* View+MASAdditions.m in Sources */ = {isa = PBXBuildFile; fileRef = BAEA775B1CDB8D4900620220 /* View+MASAdditions.m */; };
		BAEA77681CDB951100620220 /* detailViewController.m in Sources */ = {isa = PBXBuildFile; fileRef = BAEA77671CDB951100620220 /* detailViewController.m */; };
/* End PBXBuildFile section */

/* Begin PBXContainerItemProxy section */
		BA9E15BE1CDB38D700106E50 /* PBXContainerItemProxy */ = {
			isa = PBXContainerItemProxy;
			containerPortal = BA9E159C1CDB38D600106E50 /* Project object */;
			proxyType = 1;
			remoteGlobalIDString = BA9E15A31CDB38D600106E50;
			remoteInfo = LYActionSheet;
		};
		BA9E15C91CDB38D700106E50 /* PBXContainerItemProxy */ = {
			isa = PBXContainerItemProxy;
			containerPortal = BA9E159C1CDB38D600106E50 /* Project object */;
			proxyType = 1;
			remoteGlobalIDString = BA9E15A31CDB38D600106E50;
			remoteInfo = LYActionSheet;
		};
/* End PBXContainerItemProxy section */

/* Begin PBXFileReference section */
		BA9E15A41CDB38D600106E50 /* LYActionSheet.app */ = {isa = PBXFileReference; explicitFileType = wrapper.application; includeInIndex = 0; path = LYActionSheet.app; sourceTree = BUILT_PRODUCTS_DIR; };
		BA9E15A81CDB38D600106E50 /* main.m */ = {isa = PBXFileReference; lastKnownFileType = sourcecode.c.objc; path = main.m; sourceTree = "<group>"; };
		BA9E15AA1CDB38D700106E50 /* AppDelegate.h */ = {isa = PBXFileReference; lastKnownFileType = sourcecode.c.h; path = AppDelegate.h; sourceTree = "<group>"; };
		BA9E15AB1CDB38D700106E50 /* AppDelegate.m */ = {isa = PBXFileReference; lastKnownFileType = sourcecode.c.objc; path = AppDelegate.m; sourceTree = "<group>"; };
		BA9E15AD1CDB38D700106E50 /* ViewController.h */ = {isa = PBXFileReference; lastKnownFileType = sourcecode.c.h; path = ViewController.h; sourceTree = "<group>"; };
		BA9E15AE1CDB38D700106E50 /* ViewController.m */ = {isa = PBXFileReference; lastKnownFileType = sourcecode.c.objc; path = ViewController.m; sourceTree = "<group>"; };
		BA9E15B11CDB38D700106E50 /* Base */ = {isa = PBXFileReference; lastKnownFileType = file.storyboard; name = Base; path = Base.lproj/Main.storyboard; sourceTree = "<group>"; };
		BA9E15B31CDB38D700106E50 /* Assets.xcassets */ = {isa = PBXFileReference; lastKnownFileType = folder.assetcatalog; path = Assets.xcassets; sourceTree = "<group>"; };
		BA9E15B61CDB38D700106E50 /* Base */ = {isa = PBXFileReference; lastKnownFileType = file.storyboard; name = Base; path = Base.lproj/LaunchScreen.storyboard; sourceTree = "<group>"; };
		BA9E15B81CDB38D700106E50 /* Info.plist */ = {isa = PBXFileReference; lastKnownFileType = text.plist.xml; path = Info.plist; sourceTree = "<group>"; };
		BA9E15BD1CDB38D700106E50 /* LYActionSheetTests.xctest */ = {isa = PBXFileReference; explicitFileType = wrapper.cfbundle; includeInIndex = 0; path = LYActionSheetTests.xctest; sourceTree = BUILT_PRODUCTS_DIR; };
		BA9E15C11CDB38D700106E50 /* LYActionSheetTests.m */ = {isa = PBXFileReference; lastKnownFileType = sourcecode.c.objc; path = LYActionSheetTests.m; sourceTree = "<group>"; };
		BA9E15C31CDB38D700106E50 /* Info.plist */ = {isa = PBXFileReference; lastKnownFileType = text.plist.xml; path = Info.plist; sourceTree = "<group>"; };
		BA9E15C81CDB38D700106E50 /* LYActionSheetUITests.xctest */ = {isa = PBXFileReference; explicitFileType = wrapper.cfbundle; includeInIndex = 0; path = LYActionSheetUITests.xctest; sourceTree = BUILT_PRODUCTS_DIR; };
		BA9E15CC1CDB38D700106E50 /* LYActionSheetUITests.m */ = {isa = PBXFileReference; lastKnownFileType = sourcecode.c.objc; path = LYActionSheetUITests.m; sourceTree = "<group>"; };
		BA9E15CE1CDB38D700106E50 /* Info.plist */ = {isa = PBXFileReference; lastKnownFileType = text.plist.xml; path = Info.plist; sourceTree = "<group>"; };
		BA9E15DA1CDB3DF400106E50 /* LYActionSheet.h */ = {isa = PBXFileReference; fileEncoding = 4; lastKnownFileType = sourcecode.c.h; path = LYActionSheet.h; sourceTree = "<group>"; };
		BA9E15DB1CDB3DF400106E50 /* LYActionSheet.m */ = {isa = PBXFileReference; fileEncoding = 4; lastKnownFileType = sourcecode.c.objc; path = LYActionSheet.m; sourceTree = "<group>"; };
		BAEA77461CDB8D4900620220 /* MASCompositeConstraint.h */ = {isa = PBXFileReference; fileEncoding = 4; lastKnownFileType = sourcecode.c.h; path = MASCompositeConstraint.h; sourceTree = "<group>"; };
		BAEA77471CDB8D4900620220 /* MASCompositeConstraint.m */ = {isa = PBXFileReference; fileEncoding = 4; lastKnownFileType = sourcecode.c.objc; path = MASCompositeConstraint.m; sourceTree = "<group>"; };
		BAEA77481CDB8D4900620220 /* MASConstraint+Private.h */ = {isa = PBXFileReference; fileEncoding = 4; lastKnownFileType = sourcecode.c.h; path = "MASConstraint+Private.h"; sourceTree = "<group>"; };
		BAEA77491CDB8D4900620220 /* MASConstraint.h */ = {isa = PBXFileReference; fileEncoding = 4; lastKnownFileType = sourcecode.c.h; path = MASConstraint.h; sourceTree = "<group>"; };
		BAEA774A1CDB8D4900620220 /* MASConstraint.m */ = {isa = PBXFileReference; fileEncoding = 4; lastKnownFileType = sourcecode.c.objc; path = MASConstraint.m; sourceTree = "<group>"; };
		BAEA774B1CDB8D4900620220 /* MASConstraintMaker.h */ = {isa = PBXFileReference; fileEncoding = 4; lastKnownFileType = sourcecode.c.h; path = MASConstraintMaker.h; sourceTree = "<group>"; };
		BAEA774C1CDB8D4900620220 /* MASConstraintMaker.m */ = {isa = PBXFileReference; fileEncoding = 4; lastKnownFileType = sourcecode.c.objc; path = MASConstraintMaker.m; sourceTree = "<group>"; };
		BAEA774D1CDB8D4900620220 /* MASLayoutConstraint.h */ = {isa = PBXFileReference; fileEncoding = 4; lastKnownFileType = sourcecode.c.h; path = MASLayoutConstraint.h; sourceTree = "<group>"; };
		BAEA774E1CDB8D4900620220 /* MASLayoutConstraint.m */ = {isa = PBXFileReference; fileEncoding = 4; lastKnownFileType = sourcecode.c.objc; path = MASLayoutConstraint.m; sourceTree = "<group>"; };
		BAEA774F1CDB8D4900620220 /* Masonry.h */ = {isa = PBXFileReference; fileEncoding = 4; lastKnownFileType = sourcecode.c.h; path = Masonry.h; sourceTree = "<group>"; };
		BAEA77501CDB8D4900620220 /* MASUtilities.h */ = {isa = PBXFileReference; fileEncoding = 4; lastKnownFileType = sourcecode.c.h; path = MASUtilities.h; sourceTree = "<group>"; };
		BAEA77511CDB8D4900620220 /* MASViewAttribute.h */ = {isa = PBXFileReference; fileEncoding = 4; lastKnownFileType = sourcecode.c.h; path = MASViewAttribute.h; sourceTree = "<group>"; };
		BAEA77521CDB8D4900620220 /* MASViewAttribute.m */ = {isa = PBXFileReference; fileEncoding = 4; lastKnownFileType = sourcecode.c.objc; path = MASViewAttribute.m; sourceTree = "<group>"; };
		BAEA77531CDB8D4900620220 /* MASViewConstraint.h */ = {isa = PBXFileReference; fileEncoding = 4; lastKnownFileType = sourcecode.c.h; path = MASViewConstraint.h; sourceTree = "<group>"; };
		BAEA77541CDB8D4900620220 /* MASViewConstraint.m */ = {isa = PBXFileReference; fileEncoding = 4; lastKnownFileType = sourcecode.c.objc; path = MASViewConstraint.m; sourceTree = "<group>"; };
		BAEA77551CDB8D4900620220 /* NSArray+MASAdditions.h */ = {isa = PBXFileReference; fileEncoding = 4; lastKnownFileType = sourcecode.c.h; path = "NSArray+MASAdditions.h"; sourceTree = "<group>"; };
		BAEA77561CDB8D4900620220 /* NSArray+MASAdditions.m */ = {isa = PBXFileReference; fileEncoding = 4; lastKnownFileType = sourcecode.c.objc; path = "NSArray+MASAdditions.m"; sourceTree = "<group>"; };
		BAEA77571CDB8D4900620220 /* NSArray+MASShorthandAdditions.h */ = {isa = PBXFileReference; fileEncoding = 4; lastKnownFileType = sourcecode.c.h; path = "NSArray+MASShorthandAdditions.h"; sourceTree = "<group>"; };
		BAEA77581CDB8D4900620220 /* NSLayoutConstraint+MASDebugAdditions.h */ = {isa = PBXFileReference; fileEncoding = 4; lastKnownFileType = sourcecode.c.h; path = "NSLayoutConstraint+MASDebugAdditions.h"; sourceTree = "<group>"; };
		BAEA77591CDB8D4900620220 /* NSLayoutConstraint+MASDebugAdditions.m */ = {isa = PBXFileReference; fileEncoding = 4; lastKnownFileType = sourcecode.c.objc; path = "NSLayoutConstraint+MASDebugAdditions.m"; sourceTree = "<group>"; };
		BAEA775A1CDB8D4900620220 /* View+MASAdditions.h */ = {isa = PBXFileReference; fileEncoding = 4; lastKnownFileType = sourcecode.c.h; path = "View+MASAdditions.h"; sourceTree = "<group>"; };
		BAEA775B1CDB8D4900620220 /* View+MASAdditions.m */ = {isa = PBXFileReference; fileEncoding = 4; lastKnownFileType = sourcecode.c.objc; path = "View+MASAdditions.m"; sourceTree = "<group>"; };
		BAEA775C1CDB8D4900620220 /* View+MASShorthandAdditions.h */ = {isa = PBXFileReference; fileEncoding = 4; lastKnownFileType = sourcecode.c.h; path = "View+MASShorthandAdditions.h"; sourceTree = "<group>"; };
		BAEA77661CDB951100620220 /* detailViewController.h */ = {isa = PBXFileReference; fileEncoding = 4; lastKnownFileType = sourcecode.c.h; path = detailViewController.h; sourceTree = "<group>"; };
		BAEA77671CDB951100620220 /* detailViewController.m */ = {isa = PBXFileReference; fileEncoding = 4; lastKnownFileType = sourcecode.c.objc; path = detailViewController.m; sourceTree = "<group>"; };
/* End PBXFileReference section */

/* Begin PBXFrameworksBuildPhase section */
		BA9E15A11CDB38D600106E50 /* Frameworks */ = {
			isa = PBXFrameworksBuildPhase;
			buildActionMask = 2147483647;
			files = (
			);
			runOnlyForDeploymentPostprocessing = 0;
		};
		BA9E15BA1CDB38D700106E50 /* Frameworks */ = {
			isa = PBXFrameworksBuildPhase;
			buildActionMask = 2147483647;
			files = (
			);
			runOnlyForDeploymentPostprocessing = 0;
		};
		BA9E15C51CDB38D700106E50 /* Frameworks */ = {
			isa = PBXFrameworksBuildPhase;
			buildActionMask = 2147483647;
			files = (
			);
			runOnlyForDeploymentPostprocessing = 0;
		};
/* End PBXFrameworksBuildPhase section */

/* Begin PBXGroup section */
		BA9E159B1CDB38D600106E50 = {
			isa = PBXGroup;
			children = (
				BA9E15A61CDB38D600106E50 /* LYActionSheet */,
				BA9E15C01CDB38D700106E50 /* LYActionSheetTests */,
				BA9E15CB1CDB38D700106E50 /* LYActionSheetUITests */,
				BA9E15A51CDB38D600106E50 /* Products */,
			);
			sourceTree = "<group>";
		};
		BA9E15A51CDB38D600106E50 /* Products */ = {
			isa = PBXGroup;
			children = (
				BA9E15A41CDB38D600106E50 /* LYActionSheet.app */,
				BA9E15BD1CDB38D700106E50 /* LYActionSheetTests.xctest */,
				BA9E15C81CDB38D700106E50 /* LYActionSheetUITests.xctest */,
			);
			name = Products;
			sourceTree = "<group>";
		};
		BA9E15A61CDB38D600106E50 /* LYActionSheet */ = {
			isa = PBXGroup;
			children = (
				BA9E15AA1CDB38D700106E50 /* AppDelegate.h */,
				BA9E15AB1CDB38D700106E50 /* AppDelegate.m */,
				BA9E15AD1CDB38D700106E50 /* ViewController.h */,
				BA9E15AE1CDB38D700106E50 /* ViewController.m */,
				BAEA77661CDB951100620220 /* detailViewController.h */,
				BAEA77671CDB951100620220 /* detailViewController.m */,
				BA9E15DA1CDB3DF400106E50 /* LYActionSheet.h */,
				BA9E15DB1CDB3DF400106E50 /* LYActionSheet.m */,
				BAEA77451CDB8D4900620220 /* Masonry */,
				BA9E15B01CDB38D700106E50 /* Main.storyboard */,
				BA9E15B31CDB38D700106E50 /* Assets.xcassets */,
				BA9E15B51CDB38D700106E50 /* LaunchScreen.storyboard */,
				BA9E15B81CDB38D700106E50 /* Info.plist */,
				BA9E15A71CDB38D600106E50 /* Supporting Files */,
			);
			path = LYActionSheet;
			sourceTree = "<group>";
		};
		BA9E15A71CDB38D600106E50 /* Supporting Files */ = {
			isa = PBXGroup;
			children = (
				BA9E15A81CDB38D600106E50 /* main.m */,
			);
			name = "Supporting Files";
			sourceTree = "<group>";
		};
		BA9E15C01CDB38D700106E50 /* LYActionSheetTests */ = {
			isa = PBXGroup;
			children = (
				BA9E15C11CDB38D700106E50 /* LYActionSheetTests.m */,
				BA9E15C31CDB38D700106E50 /* Info.plist */,
			);
			path = LYActionSheetTests;
			sourceTree = "<group>";
		};
		BA9E15CB1CDB38D700106E50 /* LYActionSheetUITests */ = {
			isa = PBXGroup;
			children = (
				BA9E15CC1CDB38D700106E50 /* LYActionSheetUITests.m */,
				BA9E15CE1CDB38D700106E50 /* Info.plist */,
			);
			path = LYActionSheetUITests;
			sourceTree = "<group>";
		};
		BAEA77451CDB8D4900620220 /* Masonry */ = {
			isa = PBXGroup;
			children = (
				BAEA77461CDB8D4900620220 /* MASCompositeConstraint.h */,
				BAEA77471CDB8D4900620220 /* MASCompositeConstraint.m */,
				BAEA77481CDB8D4900620220 /* MASConstraint+Private.h */,
				BAEA77491CDB8D4900620220 /* MASConstraint.h */,
				BAEA774A1CDB8D4900620220 /* MASConstraint.m */,
				BAEA774B1CDB8D4900620220 /* MASConstraintMaker.h */,
				BAEA774C1CDB8D4900620220 /* MASConstraintMaker.m */,
				BAEA774D1CDB8D4900620220 /* MASLayoutConstraint.h */,
				BAEA774E1CDB8D4900620220 /* MASLayoutConstraint.m */,
				BAEA774F1CDB8D4900620220 /* Masonry.h */,
				BAEA77501CDB8D4900620220 /* MASUtilities.h */,
				BAEA77511CDB8D4900620220 /* MASViewAttribute.h */,
				BAEA77521CDB8D4900620220 /* MASViewAttribute.m */,
				BAEA77531CDB8D4900620220 /* MASViewConstraint.h */,
				BAEA77541CDB8D4900620220 /* MASViewConstraint.m */,
				BAEA77551CDB8D4900620220 /* NSArray+MASAdditions.h */,
				BAEA77561CDB8D4900620220 /* NSArray+MASAdditions.m */,
				BAEA77571CDB8D4900620220 /* NSArray+MASShorthandAdditions.h */,
				BAEA77581CDB8D4900620220 /* NSLayoutConstraint+MASDebugAdditions.h */,
				BAEA77591CDB8D4900620220 /* NSLayoutConstraint+MASDebugAdditions.m */,
				BAEA775A1CDB8D4900620220 /* View+MASAdditions.h */,
				BAEA775B1CDB8D4900620220 /* View+MASAdditions.m */,
				BAEA775C1CDB8D4900620220 /* View+MASShorthandAdditions.h */,
			);
			path = Masonry;
			sourceTree = "<group>";
		};
/* End PBXGroup section */

/* Begin PBXNativeTarget section */
		BA9E15A31CDB38D600106E50 /* LYActionSheet */ = {
			isa = PBXNativeTarget;
			buildConfigurationList = BA9E15D11CDB38D700106E50 /* Build configuration list for PBXNativeTarget "LYActionSheet" */;
			buildPhases = (
				BA9E15A01CDB38D600106E50 /* Sources */,
				BA9E15A11CDB38D600106E50 /* Frameworks */,
				BA9E15A21CDB38D600106E50 /* Resources */,
			);
			buildRules = (
			);
			dependencies = (
			);
			name = LYActionSheet;
			productName = LYActionSheet;
			productReference = BA9E15A41CDB38D600106E50 /* LYActionSheet.app */;
			productType = "com.apple.product-type.application";
		};
		BA9E15BC1CDB38D700106E50 /* LYActionSheetTests */ = {
			isa = PBXNativeTarget;
			buildConfigurationList = BA9E15D41CDB38D700106E50 /* Build configuration list for PBXNativeTarget "LYActionSheetTests" */;
			buildPhases = (
				BA9E15B91CDB38D700106E50 /* Sources */,
				BA9E15BA1CDB38D700106E50 /* Frameworks */,
				BA9E15BB1CDB38D700106E50 /* Resources */,
			);
			buildRules = (
			);
			dependencies = (
				BA9E15BF1CDB38D700106E50 /* PBXTargetDependency */,
			);
			name = LYActionSheetTests;
			productName = LYActionSheetTests;
			productReference = BA9E15BD1CDB38D700106E50 /* LYActionSheetTests.xctest */;
			productType = "com.apple.product-type.bundle.unit-test";
		};
		BA9E15C71CDB38D700106E50 /* LYActionSheetUITests */ = {
			isa = PBXNativeTarget;
			buildConfigurationList = BA9E15D71CDB38D700106E50 /* Build configuration list for PBXNativeTarget "LYActionSheetUITests" */;
			buildPhases = (
				BA9E15C41CDB38D700106E50 /* Sources */,
				BA9E15C51CDB38D700106E50 /* Frameworks */,
				BA9E15C61CDB38D700106E50 /* Resources */,
			);
			buildRules = (
			);
			dependencies = (
				BA9E15CA1CDB38D700106E50 /* PBXTargetDependency */,
			);
			name = LYActionSheetUITests;
			productName = LYActionSheetUITests;
			productReference = BA9E15C81CDB38D700106E50 /* LYActionSheetUITests.xctest */;
			productType = "com.apple.product-type.bundle.ui-testing";
		};
/* End PBXNativeTarget section */

/* Begin PBXProject section */
		BA9E159C1CDB38D600106E50 /* Project object */ = {
			isa = PBXProject;
			attributes = {
				LastUpgradeCheck = 0720;
				ORGANIZATIONNAME = "李言";
				TargetAttributes = {
					BA9E15A31CDB38D600106E50 = {
						CreatedOnToolsVersion = 7.2.1;
						DevelopmentTeam = U4BHWUFC96;
					};
					BA9E15BC1CDB38D700106E50 = {
						CreatedOnToolsVersion = 7.2.1;
						DevelopmentTeam = U4BHWUFC96;
						TestTargetID = BA9E15A31CDB38D600106E50;
					};
					BA9E15C71CDB38D700106E50 = {
						CreatedOnToolsVersion = 7.2.1;
						DevelopmentTeam = U4BHWUFC96;
						TestTargetID = BA9E15A31CDB38D600106E50;
					};
				};
			};
			buildConfigurationList = BA9E159F1CDB38D600106E50 /* Build configuration list for PBXProject "LYActionSheet" */;
			compatibilityVersion = "Xcode 3.2";
			developmentRegion = English;
			hasScannedForEncodings = 0;
			knownRegions = (
				en,
				Base,
			);
			mainGroup = BA9E159B1CDB38D600106E50;
			productRefGroup = BA9E15A51CDB38D600106E50 /* Products */;
			projectDirPath = "";
			projectRoot = "";
			targets = (
				BA9E15A31CDB38D600106E50 /* LYActionSheet */,
				BA9E15BC1CDB38D700106E50 /* LYActionSheetTests */,
				BA9E15C71CDB38D700106E50 /* LYActionSheetUITests */,
			);
		};
/* End PBXProject section */

/* Begin PBXResourcesBuildPhase section */
		BA9E15A21CDB38D600106E50 /* Resources */ = {
			isa = PBXResourcesBuildPhase;
			buildActionMask = 2147483647;
			files = (
				BA9E15B71CDB38D700106E50 /* LaunchScreen.storyboard in Resources */,
				BA9E15B41CDB38D700106E50 /* Assets.xcassets in Resources */,
				BA9E15B21CDB38D700106E50 /* Main.storyboard in Resources */,
			);
			runOnlyForDeploymentPostprocessing = 0;
		};
		BA9E15BB1CDB38D700106E50 /* Resources */ = {
			isa = PBXResourcesBuildPhase;
			buildActionMask = 2147483647;
			files = (
			);
			runOnlyForDeploymentPostprocessing = 0;
		};
		BA9E15C61CDB38D700106E50 /* Resources */ = {
			isa = PBXResourcesBuildPhase;
			buildActionMask = 2147483647;
			files = (
			);
			runOnlyForDeploymentPostprocessing = 0;
		};
/* End PBXResourcesBuildPhase section */

/* Begin PBXSourcesBuildPhase section */
		BA9E15A01CDB38D600106E50 /* Sources */ = {
			isa = PBXSourcesBuildPhase;
			buildActionMask = 2147483647;
			files = (
				BAEA775F1CDB8D4900620220 /* MASConstraintMaker.m in Sources */,
				BA9E15AF1CDB38D700106E50 /* ViewController.m in Sources */,
				BA9E15AC1CDB38D700106E50 /* AppDelegate.m in Sources */,
				BAEA77681CDB951100620220 /* detailViewController.m in Sources */,
				BAEA775E1CDB8D4900620220 /* MASConstraint.m in Sources */,
				BAEA77601CDB8D4900620220 /* MASLayoutConstraint.m in Sources */,
				BAEA77631CDB8D4900620220 /* NSArray+MASAdditions.m in Sources */,
				BAEA77621CDB8D4900620220 /* MASViewConstraint.m in Sources */,
				BAEA77611CDB8D4900620220 /* MASViewAttribute.m in Sources */,
				BAEA77651CDB8D4900620220 /* View+MASAdditions.m in Sources */,
				BA9E15DC1CDB3DF400106E50 /* LYActionSheet.m in Sources */,
				BA9E15A91CDB38D600106E50 /* main.m in Sources */,
				BAEA775D1CDB8D4900620220 /* MASCompositeConstraint.m in Sources */,
				BAEA77641CDB8D4900620220 /* NSLayoutConstraint+MASDebugAdditions.m in Sources */,
			);
			runOnlyForDeploymentPostprocessing = 0;
		};
		BA9E15B91CDB38D700106E50 /* Sources */ = {
			isa = PBXSourcesBuildPhase;
			buildActionMask = 2147483647;
			files = (
				BA9E15C21CDB38D700106E50 /* LYActionSheetTests.m in Sources */,
			);
			runOnlyForDeploymentPostprocessing = 0;
		};
		BA9E15C41CDB38D700106E50 /* Sources */ = {
			isa = PBXSourcesBuildPhase;
			buildActionMask = 2147483647;
			files = (
				BA9E15CD1CDB38D700106E50 /* LYActionSheetUITests.m in Sources */,
			);
			runOnlyForDeploymentPostprocessing = 0;
		};
/* End PBXSourcesBuildPhase section */

/* Begin PBXTargetDependency section */
		BA9E15BF1CDB38D700106E50 /* PBXTargetDependency */ = {
			isa = PBXTargetDependency;
			target = BA9E15A31CDB38D600106E50 /* LYActionSheet */;
			targetProxy = BA9E15BE1CDB38D700106E50 /* PBXContainerItemProxy */;
		};
		BA9E15CA1CDB38D700106E50 /* PBXTargetDependency */ = {
			isa = PBXTargetDependency;
			target = BA9E15A31CDB38D600106E50 /* LYActionSheet */;
			targetProxy = BA9E15C91CDB38D700106E50 /* PBXContainerItemProxy */;
		};
/* End PBXTargetDependency section */

/* Begin PBXVariantGroup section */
		BA9E15B01CDB38D700106E50 /* Main.storyboard */ = {
			isa = PBXVariantGroup;
			children = (
				BA9E15B11CDB38D700106E50 /* Base */,
			);
			name = Main.storyboard;
			sourceTree = "<group>";
		};
		BA9E15B51CDB38D700106E50 /* LaunchScreen.storyboard */ = {
			isa = PBXVariantGroup;
			children = (
				BA9E15B61CDB38D700106E50 /* Base */,
			);
			name = LaunchScreen.storyboard;
			sourceTree = "<group>";
		};
/* End PBXVariantGroup section */

/* Begin XCBuildConfiguration section */
		BA9E15CF1CDB38D700106E50 /* Debug */ = {
			isa = XCBuildConfiguration;
			buildSettings = {
				ALWAYS_SEARCH_USER_PATHS = NO;
				CLANG_CXX_LANGUAGE_STANDARD = "gnu++0x";
				CLANG_CXX_LIBRARY = "libc++";
				CLANG_ENABLE_MODULES = YES;
				CLANG_ENABLE_OBJC_ARC = YES;
				CLANG_WARN_BOOL_CONVERSION = YES;
				CLANG_WARN_CONSTANT_CONVERSION = YES;
				CLANG_WARN_DIRECT_OBJC_ISA_USAGE = YES_ERROR;
				CLANG_WARN_EMPTY_BODY = YES;
				CLANG_WARN_ENUM_CONVERSION = YES;
				CLANG_WARN_INT_CONVERSION = YES;
				CLANG_WARN_OBJC_ROOT_CLASS = YES_ERROR;
				CLANG_WARN_UNREACHABLE_CODE = YES;
				CLANG_WARN__DUPLICATE_METHOD_MATCH = YES;
				"CODE_SIGN_IDENTITY[sdk=iphoneos*]" = "iPhone Developer";
				COPY_PHASE_STRIP = NO;
				DEBUG_INFORMATION_FORMAT = dwarf;
				ENABLE_STRICT_OBJC_MSGSEND = YES;
				ENABLE_TESTABILITY = YES;
				GCC_C_LANGUAGE_STANDARD = gnu99;
				GCC_DYNAMIC_NO_PIC = NO;
				GCC_NO_COMMON_BLOCKS = YES;
				GCC_OPTIMIZATION_LEVEL = 0;
				GCC_PREPROCESSOR_DEFINITIONS = (
					"DEBUG=1",
					"$(inherited)",
				);
				GCC_WARN_64_TO_32_BIT_CONVERSION = YES;
				GCC_WARN_ABOUT_RETURN_TYPE = YES_ERROR;
				GCC_WARN_UNDECLARED_SELECTOR = YES;
				GCC_WARN_UNINITIALIZED_AUTOS = YES_AGGRESSIVE;
				GCC_WARN_UNUSED_FUNCTION = YES;
				GCC_WARN_UNUSED_VARIABLE = YES;
				IPHONEOS_DEPLOYMENT_TARGET = 9.2;
				MTL_ENABLE_DEBUG_INFO = YES;
				ONLY_ACTIVE_ARCH = YES;
				SDKROOT = iphoneos;
				TARGETED_DEVICE_FAMILY = "1,2";
			};
			name = Debug;
		};
		BA9E15D01CDB38D700106E50 /* Release */ = {
			isa = XCBuildConfiguration;
			buildSettings = {
				ALWAYS_SEARCH_USER_PATHS = NO;
				CLANG_CXX_LANGUAGE_STANDARD = "gnu++0x";
				CLANG_CXX_LIBRARY = "libc++";
				CLANG_ENABLE_MODULES = YES;
				CLANG_ENABLE_OBJC_ARC = YES;
				CLANG_WARN_BOOL_CONVERSION = YES;
				CLANG_WARN_CONSTANT_CONVERSION = YES;
				CLANG_WARN_DIRECT_OBJC_ISA_USAGE = YES_ERROR;
				CLANG_WARN_EMPTY_BODY = YES;
				CLANG_WARN_ENUM_CONVERSION = YES;
				CLANG_WARN_INT_CONVERSION = YES;
				CLANG_WARN_OBJC_ROOT_CLASS = YES_ERROR;
				CLANG_WARN_UNREACHABLE_CODE = YES;
				CLANG_WARN__DUPLICATE_METHOD_MATCH = YES;
				"CODE_SIGN_IDENTITY[sdk=iphoneos*]" = "iPhone Developer";
				COPY_PHASE_STRIP = NO;
				DEBUG_INFORMATION_FORMAT = "dwarf-with-dsym";
				ENABLE_NS_ASSERTIONS = NO;
				ENABLE_STRICT_OBJC_MSGSEND = YES;
				GCC_C_LANGUAGE_STANDARD = gnu99;
				GCC_NO_COMMON_BLOCKS = YES;
				GCC_WARN_64_TO_32_BIT_CONVERSION = YES;
				GCC_WARN_ABOUT_RETURN_TYPE = YES_ERROR;
				GCC_WARN_UNDECLARED_SELECTOR = YES;
				GCC_WARN_UNINITIALIZED_AUTOS = YES_AGGRESSIVE;
				GCC_WARN_UNUSED_FUNCTION = YES;
				GCC_WARN_UNUSED_VARIABLE = YES;
				IPHONEOS_DEPLOYMENT_TARGET = 9.2;
				MTL_ENABLE_DEBUG_INFO = NO;
				SDKROOT = iphoneos;
				TARGETED_DEVICE_FAMILY = "1,2";
				VALIDATE_PRODUCT = YES;
			};
			name = Release;
		};
		BA9E15D21CDB38D700106E50 /* Debug */ = {
			isa = XCBuildConfiguration;
			buildSettings = {
				ASSETCATALOG_COMPILER_APPICON_NAME = AppIcon;
				INFOPLIST_FILE = LYActionSheet/Info.plist;
				IPHONEOS_DEPLOYMENT_TARGET = 8.0;
				LD_RUNPATH_SEARCH_PATHS = "$(inherited) @executable_path/Frameworks";
				PRODUCT_BUNDLE_IDENTIFIER = liyan.LYActionSheet;
				PRODUCT_NAME = "$(TARGET_NAME)";
			};
			name = Debug;
		};
		BA9E15D31CDB38D700106E50 /* Release */ = {
			isa = XCBuildConfiguration;
			buildSettings = {
				ASSETCATALOG_COMPILER_APPICON_NAME = AppIcon;
				INFOPLIST_FILE = LYActionSheet/Info.plist;
				IPHONEOS_DEPLOYMENT_TARGET = 8.0;
				LD_RUNPATH_SEARCH_PATHS = "$(inherited) @executable_path/Frameworks";
				PRODUCT_BUNDLE_IDENTIFIER = liyan.LYActionSheet;
				PRODUCT_NAME = "$(TARGET_NAME)";
			};
			name = Release;
		};
		BA9E15D51CDB38D700106E50 /* Debug */ = {
			isa = XCBuildConfiguration;
			buildSettings = {
				BUNDLE_LOADER = "$(TEST_HOST)";
				INFOPLIST_FILE = LYActionSheetTests/Info.plist;
				LD_RUNPATH_SEARCH_PATHS = "$(inherited) @executable_path/Frameworks @loader_path/Frameworks";
				PRODUCT_BUNDLE_IDENTIFIER = liyan.LYActionSheetTests;
				PRODUCT_NAME = "$(TARGET_NAME)";
				TEST_HOST = "$(BUILT_PRODUCTS_DIR)/LYActionSheet.app/LYActionSheet";
			};
			name = Debug;
		};
		BA9E15D61CDB38D700106E50 /* Release */ = {
			isa = XCBuildConfiguration;
			buildSettings = {
				BUNDLE_LOADER = "$(TEST_HOST)";
				INFOPLIST_FILE = LYActionSheetTests/Info.plist;
				LD_RUNPATH_SEARCH_PATHS = "$(inherited) @executable_path/Frameworks @loader_path/Frameworks";
				PRODUCT_BUNDLE_IDENTIFIER = liyan.LYActionSheetTests;
				PRODUCT_NAME = "$(TARGET_NAME)";
				TEST_HOST = "$(BUILT_PRODUCTS_DIR)/LYActionSheet.app/LYActionSheet";
			};
			name = Release;
		};
		BA9E15D81CDB38D700106E50 /* Debug */ = {
			isa = XCBuildConfiguration;
			buildSettings = {
				INFOPLIST_FILE = LYActionSheetUITests/Info.plist;
				LD_RUNPATH_SEARCH_PATHS = "$(inherited) @executable_path/Frameworks @loader_path/Frameworks";
				PRODUCT_BUNDLE_IDENTIFIER = liyan.LYActionSheetUITests;
				PRODUCT_NAME = "$(TARGET_NAME)";
				TEST_TARGET_NAME = LYActionSheet;
				USES_XCTRUNNER = YES;
			};
			name = Debug;
		};
		BA9E15D91CDB38D700106E50 /* Release */ = {
			isa = XCBuildConfiguration;
			buildSettings = {
				INFOPLIST_FILE = LYActionSheetUITests/Info.plist;
				LD_RUNPATH_SEARCH_PATHS = "$(inherited) @executable_path/Frameworks @loader_path/Frameworks";
				PRODUCT_BUNDLE_IDENTIFIER = liyan.LYActionSheetUITests;
				PRODUCT_NAME = "$(TARGET_NAME)";
				TEST_TARGET_NAME = LYActionSheet;
				USES_XCTRUNNER = YES;
			};
			name = Release;
		};
/* End XCBuildConfiguration section */

/* Begin XCConfigurationList section */
		BA9E159F1CDB38D600106E50 /* Build configuration list for PBXProject "LYActionSheet" */ = {
			isa = XCConfigurationList;
			buildConfigurations = (
				BA9E15CF1CDB38D700106E50 /* Debug */,
				BA9E15D01CDB38D700106E50 /* Release */,
			);
			defaultConfigurationIsVisible = 0;
			defaultConfigurationName = Release;
		};
		BA9E15D11CDB38D700106E50 /* Build configuration list for PBXNativeTarget "LYActionSheet" */ = {
			isa = XCConfigurationList;
			buildConfigurations = (
				BA9E15D21CDB38D700106E50 /* Debug */,
				BA9E15D31CDB38D700106E50 /* Release */,
			);
			defaultConfigurationIsVisible = 0;
			defaultConfigurationName = Release;
		};
		BA9E15D41CDB38D700106E50 /* Build configuration list for PBXNativeTarget "LYActionSheetTests" */ = {
			isa = XCConfigurationList;
			buildConfigurations = (
				BA9E15D51CDB38D700106E50 /* Debug */,
				BA9E15D61CDB38D700106E50 /* Release */,
			);
			defaultConfigurationIsVisible = 0;
			defaultConfigurationName = Release;
		};
		BA9E15D71CDB38D700106E50 /* Build configuration list for PBXNativeTarget "LYActionSheetUITests" */ = {
			isa = XCConfigurationList;
			buildConfigurations = (
				BA9E15D81CDB38D700106E50 /* Debug */,
				BA9E15D91CDB38D700106E50 /* Release */,
			);
			defaultConfigurationIsVisible = 0;
			defaultConfigurationName = Release;
		};
/* End XCConfigurationList section */
	};
	rootObject = BA9E159C1CDB38D600106E50 /* Project object */;
}
